
Microsoft Visual Studio Solution File, Format Version 12.00
# Visual Studio 15
Project("{FAE04EC0-301F-11D3-BF4B-00C04F79EFBC}") = "trapperkeeper-mvc", "trapperkeeper-mvc\trapperkeeper-mvc.csproj", "{11B22EB2-E46C-45D1-8D1E-8FCB81A4FD6E}"
EndProject
Global
	GlobalSection(SolutionConfigurationPlatforms) = preSolution
		Debug|Any CPU = Debug|Any CPU
		Release|Any CPU = Release|Any CPU
	EndGlobalSection
	GlobalSection(ProjectConfigurationPlatforms) = postSolution
		{11B22EB2-E46C-45D1-8D1E-8FCB81A4FD6E}.Debug|Any CPU.ActiveCfg = Debug|Any CPU
		{11B22EB2-E46C-45D1-8D1E-8FCB81A4FD6E}.Debug|Any CPU.Build.0 = Debug|Any CPU
		{11B22EB2-E46C-45D1-8D1E-8FCB81A4FD6E}.Release|Any CPU.ActiveCfg = Release|Any CPU
		{11B22EB2-E46C-45D1-8D1E-8FCB81A4FD6E}.Release|Any CPU.Build.0 = Release|Any CPU
	EndGlobalSection
EndGlobal
